// !$*UTF8*$!
{
	archiveVersion = 1;
	classes = {
	};
	objectVersion = 56;
	objects = {

/* Begin PBXBuildFile section */
		1C406C5B2955624A00616757 /* ElegantCalendar in Frameworks */ = {isa = PBXBuildFile; productRef = 1C406C5A2955624A00616757 /* ElegantCalendar */; };
		1C406C5D295564FF00616757 /* ElegantCalendar.xcassets in Resources */ = {isa = PBXBuildFile; fileRef = 1C406C5C295564FF00616757 /* ElegantCalendar.xcassets */; };
		1C406C6129557D8C00616757 /* Calendar+ColorTracker.swift in Sources */ = {isa = PBXBuildFile; fileRef = 1C406C6029557D8C00616757 /* Calendar+ColorTracker.swift */; };
		1C406C632955878900616757 /* CalendarViewTest.swift in Sources */ = {isa = PBXBuildFile; fileRef = 1C406C622955878900616757 /* CalendarViewTest.swift */; };
		1C80F8BF2952D3FE00FD8C66 /* Color_TrackerApp.swift in Sources */ = {isa = PBXBuildFile; fileRef = 1C80F8BE2952D3FE00FD8C66 /* Color_TrackerApp.swift */; };
		1C80F8C12952D3FE00FD8C66 /* Persistence.swift in Sources */ = {isa = PBXBuildFile; fileRef = 1C80F8C02952D3FE00FD8C66 /* Persistence.swift */; };
		1C80F8C42952D3FE00FD8C66 /* Color_Tracker.xcdatamodeld in Sources */ = {isa = PBXBuildFile; fileRef = 1C80F8C22952D3FE00FD8C66 /* Color_Tracker.xcdatamodeld */; };
		1C80F8C62952D3FE00FD8C66 /* ContentView.swift in Sources */ = {isa = PBXBuildFile; fileRef = 1C80F8C52952D3FE00FD8C66 /* ContentView.swift */; };
		1C80F8C82952D40000FD8C66 /* Assets.xcassets in Resources */ = {isa = PBXBuildFile; fileRef = 1C80F8C72952D40000FD8C66 /* Assets.xcassets */; };
		1C80F8CC2952D40000FD8C66 /* Preview Assets.xcassets in Resources */ = {isa = PBXBuildFile; fileRef = 1C80F8CB2952D40000FD8C66 /* Preview Assets.xcassets */; };
		1C80F8D62952D40000FD8C66 /* Color_TrackerTests.swift in Sources */ = {isa = PBXBuildFile; fileRef = 1C80F8D52952D40000FD8C66 /* Color_TrackerTests.swift */; };
		1C80F8E02952D40000FD8C66 /* Color_TrackerUITests.swift in Sources */ = {isa = PBXBuildFile; fileRef = 1C80F8DF2952D40000FD8C66 /* Color_TrackerUITests.swift */; };
		1C80F8E22952D40000FD8C66 /* Color_TrackerUITestsLaunchTests.swift in Sources */ = {isa = PBXBuildFile; fileRef = 1C80F8E12952D40000FD8C66 /* Color_TrackerUITestsLaunchTests.swift */; };
		1C80F8EF2955244B00FD8C66 /* calendarDayCellVIew.swift in Sources */ = {isa = PBXBuildFile; fileRef = 1C80F8EE2955244B00FD8C66 /* calendarDayCellVIew.swift */; };
		1C80F8F1295525FD00FD8C66 /* CalendarView.swift in Sources */ = {isa = PBXBuildFile; fileRef = 1C80F8F0295525FD00FD8C66 /* CalendarView.swift */; };
/* End PBXBuildFile section */

/* Begin PBXContainerItemProxy section */
		1C80F8D22952D40000FD8C66 /* PBXContainerItemProxy */ = {
			isa = PBXContainerItemProxy;
			containerPortal = 1C80F8B32952D3FE00FD8C66 /* Project object */;
			proxyType = 1;
			remoteGlobalIDString = 1C80F8BA2952D3FE00FD8C66;
			remoteInfo = "Color Tracker";
		};
		1C80F8DC2952D40000FD8C66 /* PBXContainerItemProxy */ = {
			isa = PBXContainerItemProxy;
			containerPortal = 1C80F8B32952D3FE00FD8C66 /* Project object */;
			proxyType = 1;
			remoteGlobalIDString = 1C80F8BA2952D3FE00FD8C66;
			remoteInfo = "Color Tracker";
		};
/* End PBXContainerItemProxy section */

/* Begin PBXFileReference section */
		1C406C5C295564FF00616757 /* ElegantCalendar.xcassets */ = {isa = PBXFileReference; lastKnownFileType = folder.assetcatalog; name = ElegantCalendar.xcassets; path = "../../../../Library/Developer/Xcode/DerivedData/Color_Tracker-fyawvwcvaheyqkfwsvpxnitmaxbh/SourcePackages/checkouts/ElegantCalendar/ElegantCalendar.xcassets"; sourceTree = "<group>"; };
		1C406C6029557D8C00616757 /* Calendar+ColorTracker.swift */ = {isa = PBXFileReference; lastKnownFileType = sourcecode.swift; path = "Calendar+ColorTracker.swift"; sourceTree = "<group>"; };
		1C406C622955878900616757 /* CalendarViewTest.swift */ = {isa = PBXFileReference; lastKnownFileType = sourcecode.swift; path = CalendarViewTest.swift; sourceTree = "<group>"; };
		1C80F8BB2952D3FE00FD8C66 /* Color Tracker.app */ = {isa = PBXFileReference; explicitFileType = wrapper.application; includeInIndex = 0; path = "Color Tracker.app"; sourceTree = BUILT_PRODUCTS_DIR; };
		1C80F8BE2952D3FE00FD8C66 /* Color_TrackerApp.swift */ = {isa = PBXFileReference; lastKnownFileType = sourcecode.swift; path = Color_TrackerApp.swift; sourceTree = "<group>"; };
		1C80F8C02952D3FE00FD8C66 /* Persistence.swift */ = {isa = PBXFileReference; lastKnownFileType = sourcecode.swift; path = Persistence.swift; sourceTree = "<group>"; };
		1C80F8C32952D3FE00FD8C66 /* Color_Tracker.xcdatamodel */ = {isa = PBXFileReference; lastKnownFileType = wrapper.xcdatamodel; path = Color_Tracker.xcdatamodel; sourceTree = "<group>"; };
		1C80F8C52952D3FE00FD8C66 /* ContentView.swift */ = {isa = PBXFileReference; lastKnownFileType = sourcecode.swift; path = ContentView.swift; sourceTree = "<group>"; };
		1C80F8C72952D40000FD8C66 /* Assets.xcassets */ = {isa = PBXFileReference; lastKnownFileType = folder.assetcatalog; path = Assets.xcassets; sourceTree = "<group>"; };
		1C80F8C92952D40000FD8C66 /* Color_Tracker.entitlements */ = {isa = PBXFileReference; lastKnownFileType = text.plist.entitlements; path = Color_Tracker.entitlements; sourceTree = "<group>"; };
		1C80F8CB2952D40000FD8C66 /* Preview Assets.xcassets */ = {isa = PBXFileReference; lastKnownFileType = folder.assetcatalog; path = "Preview Assets.xcassets"; sourceTree = "<group>"; };
		1C80F8D12952D40000FD8C66 /* Color TrackerTests.xctest */ = {isa = PBXFileReference; explicitFileType = wrapper.cfbundle; includeInIndex = 0; path = "Color TrackerTests.xctest"; sourceTree = BUILT_PRODUCTS_DIR; };
		1C80F8D52952D40000FD8C66 /* Color_TrackerTests.swift */ = {isa = PBXFileReference; lastKnownFileType = sourcecode.swift; path = Color_TrackerTests.swift; sourceTree = "<group>"; };
		1C80F8DB2952D40000FD8C66 /* Color TrackerUITests.xctest */ = {isa = PBXFileReference; explicitFileType = wrapper.cfbundle; includeInIndex = 0; path = "Color TrackerUITests.xctest"; sourceTree = BUILT_PRODUCTS_DIR; };
		1C80F8DF2952D40000FD8C66 /* Color_TrackerUITests.swift */ = {isa = PBXFileReference; lastKnownFileType = sourcecode.swift; path = Color_TrackerUITests.swift; sourceTree = "<group>"; };
		1C80F8E12952D40000FD8C66 /* Color_TrackerUITestsLaunchTests.swift */ = {isa = PBXFileReference; lastKnownFileType = sourcecode.swift; path = Color_TrackerUITestsLaunchTests.swift; sourceTree = "<group>"; };
		1C80F8EE2955244B00FD8C66 /* calendarDayCellVIew.swift */ = {isa = PBXFileReference; lastKnownFileType = sourcecode.swift; path = calendarDayCellVIew.swift; sourceTree = "<group>"; };
		1C80F8F0295525FD00FD8C66 /* CalendarView.swift */ = {isa = PBXFileReference; lastKnownFileType = sourcecode.swift; path = CalendarView.swift; sourceTree = "<group>"; };
/* End PBXFileReference section */

/* Begin PBXFrameworksBuildPhase section */
		1C80F8B82952D3FE00FD8C66 /* Frameworks */ = {
			isa = PBXFrameworksBuildPhase;
			buildActionMask = 2147483647;
			files = (
				1C406C5B2955624A00616757 /* ElegantCalendar in Frameworks */,
			);
			runOnlyForDeploymentPostprocessing = 0;
		};
		1C80F8CE2952D40000FD8C66 /* Frameworks */ = {
			isa = PBXFrameworksBuildPhase;
			buildActionMask = 2147483647;
			files = (
			);
			runOnlyForDeploymentPostprocessing = 0;
		};
		1C80F8D82952D40000FD8C66 /* Frameworks */ = {
			isa = PBXFrameworksBuildPhase;
			buildActionMask = 2147483647;
			files = (
			);
			runOnlyForDeploymentPostprocessing = 0;
		};
/* End PBXFrameworksBuildPhase section */

/* Begin PBXGroup section */
		1C406C5E29557D6800616757 /* Helpers */ = {
			isa = PBXGroup;
			children = (
				1C406C5F29557D7100616757 /* Extensions */,
			);
			path = Helpers;
			sourceTree = "<group>";
		};
		1C406C5F29557D7100616757 /* Extensions */ = {
			isa = PBXGroup;
			children = (
				1C406C6029557D8C00616757 /* Calendar+ColorTracker.swift */,
			);
			path = Extensions;
			sourceTree = "<group>";
		};
		1C80F8B22952D3FE00FD8C66 = {
			isa = PBXGroup;
			children = (
				1C406C5C295564FF00616757 /* ElegantCalendar.xcassets */,
				1C80F8BD2952D3FE00FD8C66 /* Color Tracker */,
				1C80F8D42952D40000FD8C66 /* Color TrackerTests */,
				1C80F8DE2952D40000FD8C66 /* Color TrackerUITests */,
				1C80F8BC2952D3FE00FD8C66 /* Products */,
			);
			sourceTree = "<group>";
		};
		1C80F8BC2952D3FE00FD8C66 /* Products */ = {
			isa = PBXGroup;
			children = (
				1C80F8BB2952D3FE00FD8C66 /* Color Tracker.app */,
				1C80F8D12952D40000FD8C66 /* Color TrackerTests.xctest */,
				1C80F8DB2952D40000FD8C66 /* Color TrackerUITests.xctest */,
			);
			name = Products;
			sourceTree = "<group>";
		};
		1C80F8BD2952D3FE00FD8C66 /* Color Tracker */ = {
			isa = PBXGroup;
			children = (
				1C406C5E29557D6800616757 /* Helpers */,
				1C80F8BE2952D3FE00FD8C66 /* Color_TrackerApp.swift */,
				1C80F8C02952D3FE00FD8C66 /* Persistence.swift */,
				1C80F8C52952D3FE00FD8C66 /* ContentView.swift */,
				1C80F8C72952D40000FD8C66 /* Assets.xcassets */,
				1C80F8C92952D40000FD8C66 /* Color_Tracker.entitlements */,
				1C80F8C22952D3FE00FD8C66 /* Color_Tracker.xcdatamodeld */,
				1C80F8CA2952D40000FD8C66 /* Preview Content */,
				1C80F8EE2955244B00FD8C66 /* calendarDayCellVIew.swift */,
				1C80F8F0295525FD00FD8C66 /* CalendarView.swift */,
				1C406C622955878900616757 /* CalendarViewTest.swift */,
			);
			path = "Color Tracker";
			sourceTree = "<group>";
		};
		1C80F8CA2952D40000FD8C66 /* Preview Content */ = {
			isa = PBXGroup;
			children = (
				1C80F8CB2952D40000FD8C66 /* Preview Assets.xcassets */,
			);
			path = "Preview Content";
			sourceTree = "<group>";
		};
		1C80F8D42952D40000FD8C66 /* Color TrackerTests */ = {
			isa = PBXGroup;
			children = (
				1C80F8D52952D40000FD8C66 /* Color_TrackerTests.swift */,
			);
			path = "Color TrackerTests";
			sourceTree = "<group>";
		};
		1C80F8DE2952D40000FD8C66 /* Color TrackerUITests */ = {
			isa = PBXGroup;
			children = (
				1C80F8DF2952D40000FD8C66 /* Color_TrackerUITests.swift */,
				1C80F8E12952D40000FD8C66 /* Color_TrackerUITestsLaunchTests.swift */,
			);
			path = "Color TrackerUITests";
			sourceTree = "<group>";
		};
/* End PBXGroup section */

/* Begin PBXNativeTarget section */
		1C80F8BA2952D3FE00FD8C66 /* Color Tracker */ = {
			isa = PBXNativeTarget;
			buildConfigurationList = 1C80F8E52952D40000FD8C66 /* Build configuration list for PBXNativeTarget "Color Tracker" */;
			buildPhases = (
				1C80F8B72952D3FE00FD8C66 /* Sources */,
				1C80F8B82952D3FE00FD8C66 /* Frameworks */,
				1C80F8B92952D3FE00FD8C66 /* Resources */,
			);
			buildRules = (
			);
			dependencies = (
			);
			name = "Color Tracker";
			packageProductDependencies = (
				1C406C5A2955624A00616757 /* ElegantCalendar */,
			);
			productName = "Color Tracker";
			productReference = 1C80F8BB2952D3FE00FD8C66 /* Color Tracker.app */;
			productType = "com.apple.product-type.application";
		};
		1C80F8D02952D40000FD8C66 /* Color TrackerTests */ = {
			isa = PBXNativeTarget;
			buildConfigurationList = 1C80F8E82952D40000FD8C66 /* Build configuration list for PBXNativeTarget "Color TrackerTests" */;
			buildPhases = (
				1C80F8CD2952D40000FD8C66 /* Sources */,
				1C80F8CE2952D40000FD8C66 /* Frameworks */,
				1C80F8CF2952D40000FD8C66 /* Resources */,
			);
			buildRules = (
			);
			dependencies = (
				1C80F8D32952D40000FD8C66 /* PBXTargetDependency */,
			);
			name = "Color TrackerTests";
			productName = "Color TrackerTests";
			productReference = 1C80F8D12952D40000FD8C66 /* Color TrackerTests.xctest */;
			productType = "com.apple.product-type.bundle.unit-test";
		};
		1C80F8DA2952D40000FD8C66 /* Color TrackerUITests */ = {
			isa = PBXNativeTarget;
			buildConfigurationList = 1C80F8EB2952D40000FD8C66 /* Build configuration list for PBXNativeTarget "Color TrackerUITests" */;
			buildPhases = (
				1C80F8D72952D40000FD8C66 /* Sources */,
				1C80F8D82952D40000FD8C66 /* Frameworks */,
				1C80F8D92952D40000FD8C66 /* Resources */,
			);
			buildRules = (
			);
			dependencies = (
				1C80F8DD2952D40000FD8C66 /* PBXTargetDependency */,
			);
			name = "Color TrackerUITests";
			productName = "Color TrackerUITests";
			productReference = 1C80F8DB2952D40000FD8C66 /* Color TrackerUITests.xctest */;
			productType = "com.apple.product-type.bundle.ui-testing";
		};
/* End PBXNativeTarget section */

/* Begin PBXProject section */
		1C80F8B32952D3FE00FD8C66 /* Project object */ = {
			isa = PBXProject;
			attributes = {
				BuildIndependentTargetsInParallel = 1;
				LastSwiftUpdateCheck = 1420;
				LastUpgradeCheck = 1420;
				TargetAttributes = {
					1C80F8BA2952D3FE00FD8C66 = {
						CreatedOnToolsVersion = 14.2;
					};
					1C80F8D02952D40000FD8C66 = {
						CreatedOnToolsVersion = 14.2;
						TestTargetID = 1C80F8BA2952D3FE00FD8C66;
					};
					1C80F8DA2952D40000FD8C66 = {
						CreatedOnToolsVersion = 14.2;
						TestTargetID = 1C80F8BA2952D3FE00FD8C66;
					};
				};
			};
			buildConfigurationList = 1C80F8B62952D3FE00FD8C66 /* Build configuration list for PBXProject "Color Tracker" */;
			compatibilityVersion = "Xcode 14.0";
			developmentRegion = en;
			hasScannedForEncodings = 0;
			knownRegions = (
				en,
				Base,
			);
			mainGroup = 1C80F8B22952D3FE00FD8C66;
			packageReferences = (
				1C406C592955624A00616757 /* XCRemoteSwiftPackageReference "ElegantCalendar" */,
			);
			productRefGroup = 1C80F8BC2952D3FE00FD8C66 /* Products */;
			projectDirPath = "";
			projectRoot = "";
			targets = (
				1C80F8BA2952D3FE00FD8C66 /* Color Tracker */,
				1C80F8D02952D40000FD8C66 /* Color TrackerTests */,
				1C80F8DA2952D40000FD8C66 /* Color TrackerUITests */,
			);
		};
/* End PBXProject section */

/* Begin PBXResourcesBuildPhase section */
		1C80F8B92952D3FE00FD8C66 /* Resources */ = {
			isa = PBXResourcesBuildPhase;
			buildActionMask = 2147483647;
			files = (
				1C406C5D295564FF00616757 /* ElegantCalendar.xcassets in Resources */,
				1C80F8CC2952D40000FD8C66 /* Preview Assets.xcassets in Resources */,
				1C80F8C82952D40000FD8C66 /* Assets.xcassets in Resources */,
			);
			runOnlyForDeploymentPostprocessing = 0;
		};
		1C80F8CF2952D40000FD8C66 /* Resources */ = {
			isa = PBXResourcesBuildPhase;
			buildActionMask = 2147483647;
			files = (
			);
			runOnlyForDeploymentPostprocessing = 0;
		};
		1C80F8D92952D40000FD8C66 /* Resources */ = {
			isa = PBXResourcesBuildPhase;
			buildActionMask = 2147483647;
			files = (
			);
			runOnlyForDeploymentPostprocessing = 0;
		};
/* End PBXResourcesBuildPhase section */

/* Begin PBXSourcesBuildPhase section */
		1C80F8B72952D3FE00FD8C66 /* Sources */ = {
			isa = PBXSourcesBuildPhase;
			buildActionMask = 2147483647;
			files = (
				1C80F8C42952D3FE00FD8C66 /* Color_Tracker.xcdatamodeld in Sources */,
				1C80F8BF2952D3FE00FD8C66 /* Color_TrackerApp.swift in Sources */,
				1C406C6129557D8C00616757 /* Calendar+ColorTracker.swift in Sources */,
				1C80F8F1295525FD00FD8C66 /* CalendarView.swift in Sources */,
				1C80F8EF2955244B00FD8C66 /* calendarDayCellVIew.swift in Sources */,
				1C80F8C62952D3FE00FD8C66 /* ContentView.swift in Sources */,
				1C406C632955878900616757 /* CalendarViewTest.swift in Sources */,
				1C80F8C12952D3FE00FD8C66 /* Persistence.swift in Sources */,
			);
			runOnlyForDeploymentPostprocessing = 0;
		};
		1C80F8CD2952D40000FD8C66 /* Sources */ = {
			isa = PBXSourcesBuildPhase;
			buildActionMask = 2147483647;
			files = (
				1C80F8D62952D40000FD8C66 /* Color_TrackerTests.swift in Sources */,
			);
			runOnlyForDeploymentPostprocessing = 0;
		};
		1C80F8D72952D40000FD8C66 /* Sources */ = {
			isa = PBXSourcesBuildPhase;
			buildActionMask = 2147483647;
			files = (
				1C80F8E02952D40000FD8C66 /* Color_TrackerUITests.swift in Sources */,
				1C80F8E22952D40000FD8C66 /* Color_TrackerUITestsLaunchTests.swift in Sources */,
			);
			runOnlyForDeploymentPostprocessing = 0;
		};
/* End PBXSourcesBuildPhase section */

/* Begin PBXTargetDependency section */
		1C80F8D32952D40000FD8C66 /* PBXTargetDependency */ = {
			isa = PBXTargetDependency;
			target = 1C80F8BA2952D3FE00FD8C66 /* Color Tracker */;
			targetProxy = 1C80F8D22952D40000FD8C66 /* PBXContainerItemProxy */;
		};
		1C80F8DD2952D40000FD8C66 /* PBXTargetDependency */ = {
			isa = PBXTargetDependency;
			target = 1C80F8BA2952D3FE00FD8C66 /* Color Tracker */;
			targetProxy = 1C80F8DC2952D40000FD8C66 /* PBXContainerItemProxy */;
		};
/* End PBXTargetDependency section */

/* Begin XCBuildConfiguration section */
		1C80F8E32952D40000FD8C66 /* Debug */ = {
			isa = XCBuildConfiguration;
			buildSettings = {
				ALWAYS_SEARCH_USER_PATHS = NO;
				CLANG_ANALYZER_NONNULL = YES;
				CLANG_ANALYZER_NUMBER_OBJECT_CONVERSION = YES_AGGRESSIVE;
				CLANG_CXX_LANGUAGE_STANDARD = "gnu++20";
				CLANG_ENABLE_MODULES = YES;
				CLANG_ENABLE_OBJC_ARC = YES;
				CLANG_ENABLE_OBJC_WEAK = YES;
				CLANG_WARN_BLOCK_CAPTURE_AUTORELEASING = YES;
				CLANG_WARN_BOOL_CONVERSION = YES;
				CLANG_WARN_COMMA = YES;
				CLANG_WARN_CONSTANT_CONVERSION = YES;
				CLANG_WARN_DEPRECATED_OBJC_IMPLEMENTATIONS = YES;
				CLANG_WARN_DIRECT_OBJC_ISA_USAGE = YES_ERROR;
				CLANG_WARN_DOCUMENTATION_COMMENTS = YES;
				CLANG_WARN_EMPTY_BODY = YES;
				CLANG_WARN_ENUM_CONVERSION = YES;
				CLANG_WARN_INFINITE_RECURSION = YES;
				CLANG_WARN_INT_CONVERSION = YES;
				CLANG_WARN_NON_LITERAL_NULL_CONVERSION = YES;
				CLANG_WARN_OBJC_IMPLICIT_RETAIN_SELF = YES;
				CLANG_WARN_OBJC_LITERAL_CONVERSION = YES;
				CLANG_WARN_OBJC_ROOT_CLASS = YES_ERROR;
				CLANG_WARN_QUOTED_INCLUDE_IN_FRAMEWORK_HEADER = YES;
				CLANG_WARN_RANGE_LOOP_ANALYSIS = YES;
				CLANG_WARN_STRICT_PROTOTYPES = YES;
				CLANG_WARN_SUSPICIOUS_MOVE = YES;
				CLANG_WARN_UNGUARDED_AVAILABILITY = YES_AGGRESSIVE;
				CLANG_WARN_UNREACHABLE_CODE = YES;
				CLANG_WARN__DUPLICATE_METHOD_MATCH = YES;
				COPY_PHASE_STRIP = NO;
				DEBUG_INFORMATION_FORMAT = dwarf;
				ENABLE_STRICT_OBJC_MSGSEND = YES;
				ENABLE_TESTABILITY = YES;
				GCC_C_LANGUAGE_STANDARD = gnu11;
				GCC_DYNAMIC_NO_PIC = NO;
				GCC_NO_COMMON_BLOCKS = YES;
				GCC_OPTIMIZATION_LEVEL = 0;
				GCC_PREPROCESSOR_DEFINITIONS = (
					"DEBUG=1",
					"$(inherited)",
				);
				GCC_WARN_64_TO_32_BIT_CONVERSION = YES;
				GCC_WARN_ABOUT_RETURN_TYPE = YES_ERROR;
				GCC_WARN_UNDECLARED_SELECTOR = YES;
				GCC_WARN_UNINITIALIZED_AUTOS = YES_AGGRESSIVE;
				GCC_WARN_UNUSED_FUNCTION = YES;
				GCC_WARN_UNUSED_VARIABLE = YES;
				MTL_ENABLE_DEBUG_INFO = INCLUDE_SOURCE;
				MTL_FAST_MATH = YES;
				ONLY_ACTIVE_ARCH = YES;
				SWIFT_ACTIVE_COMPILATION_CONDITIONS = DEBUG;
				SWIFT_OPTIMIZATION_LEVEL = "-Onone";
			};
			name = Debug;
		};
		1C80F8E42952D40000FD8C66 /* Release */ = {
			isa = XCBuildConfiguration;
			buildSettings = {
				ALWAYS_SEARCH_USER_PATHS = NO;
				CLANG_ANALYZER_NONNULL = YES;
				CLANG_ANALYZER_NUMBER_OBJECT_CONVERSION = YES_AGGRESSIVE;
				CLANG_CXX_LANGUAGE_STANDARD = "gnu++20";
				CLANG_ENABLE_MODULES = YES;
				CLANG_ENABLE_OBJC_ARC = YES;
				CLANG_ENABLE_OBJC_WEAK = YES;
				CLANG_WARN_BLOCK_CAPTURE_AUTORELEASING = YES;
				CLANG_WARN_BOOL_CONVERSION = YES;
				CLANG_WARN_COMMA = YES;
				CLANG_WARN_CONSTANT_CONVERSION = YES;
				CLANG_WARN_DEPRECATED_OBJC_IMPLEMENTATIONS = YES;
				CLANG_WARN_DIRECT_OBJC_ISA_USAGE = YES_ERROR;
				CLANG_WARN_DOCUMENTATION_COMMENTS = YES;
				CLANG_WARN_EMPTY_BODY = YES;
				CLANG_WARN_ENUM_CONVERSION = YES;
				CLANG_WARN_INFINITE_RECURSION = YES;
				CLANG_WARN_INT_CONVERSION = YES;
				CLANG_WARN_NON_LITERAL_NULL_CONVERSION = YES;
				CLANG_WARN_OBJC_IMPLICIT_RETAIN_SELF = YES;
				CLANG_WARN_OBJC_LITERAL_CONVERSION = YES;
				CLANG_WARN_OBJC_ROOT_CLASS = YES_ERROR;
				CLANG_WARN_QUOTED_INCLUDE_IN_FRAMEWORK_HEADER = YES;
				CLANG_WARN_RANGE_LOOP_ANALYSIS = YES;
				CLANG_WARN_STRICT_PROTOTYPES = YES;
				CLANG_WARN_SUSPICIOUS_MOVE = YES;
				CLANG_WARN_UNGUARDED_AVAILABILITY = YES_AGGRESSIVE;
				CLANG_WARN_UNREACHABLE_CODE = YES;
				CLANG_WARN__DUPLICATE_METHOD_MATCH = YES;
				COPY_PHASE_STRIP = NO;
				DEBUG_INFORMATION_FORMAT = "dwarf-with-dsym";
				ENABLE_NS_ASSERTIONS = NO;
				ENABLE_STRICT_OBJC_MSGSEND = YES;
				GCC_C_LANGUAGE_STANDARD = gnu11;
				GCC_NO_COMMON_BLOCKS = YES;
				GCC_WARN_64_TO_32_BIT_CONVERSION = YES;
				GCC_WARN_ABOUT_RETURN_TYPE = YES_ERROR;
				GCC_WARN_UNDECLARED_SELECTOR = YES;
				GCC_WARN_UNINITIALIZED_AUTOS = YES_AGGRESSIVE;
				GCC_WARN_UNUSED_FUNCTION = YES;
				GCC_WARN_UNUSED_VARIABLE = YES;
				MTL_ENABLE_DEBUG_INFO = NO;
				MTL_FAST_MATH = YES;
				SWIFT_COMPILATION_MODE = wholemodule;
				SWIFT_OPTIMIZATION_LEVEL = "-O";
			};
			name = Release;
		};
		1C80F8E62952D40000FD8C66 /* Debug */ = {
			isa = XCBuildConfiguration;
			buildSettings = {
				ASSETCATALOG_COMPILER_APPICON_NAME = AppIcon;
				ASSETCATALOG_COMPILER_GLOBAL_ACCENT_COLOR_NAME = AccentColor;
				CODE_SIGN_ENTITLEMENTS = "Color Tracker/Color_Tracker.entitlements";
				CODE_SIGN_STYLE = Automatic;
				CURRENT_PROJECT_VERSION = 1;
				DEVELOPMENT_ASSET_PATHS = "\"Color Tracker/Preview Content\"";
				DEVELOPMENT_TEAM = KJ66BJ6KYX;
				ENABLE_HARDENED_RUNTIME = YES;
				ENABLE_PREVIEWS = YES;
				GENERATE_INFOPLIST_FILE = YES;
				"INFOPLIST_KEY_UIApplicationSceneManifest_Generation[sdk=iphoneos*]" = YES;
				"INFOPLIST_KEY_UIApplicationSceneManifest_Generation[sdk=iphonesimulator*]" = YES;
				"INFOPLIST_KEY_UIApplicationSupportsIndirectInputEvents[sdk=iphoneos*]" = YES;
				"INFOPLIST_KEY_UIApplicationSupportsIndirectInputEvents[sdk=iphonesimulator*]" = YES;
				"INFOPLIST_KEY_UILaunchScreen_Generation[sdk=iphoneos*]" = YES;
				"INFOPLIST_KEY_UILaunchScreen_Generation[sdk=iphonesimulator*]" = YES;
				"INFOPLIST_KEY_UIStatusBarStyle[sdk=iphoneos*]" = UIStatusBarStyleDefault;
				"INFOPLIST_KEY_UIStatusBarStyle[sdk=iphonesimulator*]" = UIStatusBarStyleDefault;
				INFOPLIST_KEY_UISupportedInterfaceOrientations_iPad = "UIInterfaceOrientationPortrait UIInterfaceOrientationPortraitUpsideDown UIInterfaceOrientationLandscapeLeft UIInterfaceOrientationLandscapeRight";
				INFOPLIST_KEY_UISupportedInterfaceOrientations_iPhone = "UIInterfaceOrientationPortrait UIInterfaceOrientationLandscapeLeft UIInterfaceOrientationLandscapeRight";
				IPHONEOS_DEPLOYMENT_TARGET = 16.2;
				LD_RUNPATH_SEARCH_PATHS = "@executable_path/Frameworks";
				"LD_RUNPATH_SEARCH_PATHS[sdk=macosx*]" = "@executable_path/../Frameworks";
				MACOSX_DEPLOYMENT_TARGET = 12.6;
				MARKETING_VERSION = 1.0;
				PRODUCT_BUNDLE_IDENTIFIER = "com.coolgage.Color-Tracker";
				PRODUCT_NAME = "$(TARGET_NAME)";
				SDKROOT = auto;
				SUPPORTED_PLATFORMS = "iphoneos iphonesimulator macosx";
				SWIFT_EMIT_LOC_STRINGS = YES;
				SWIFT_VERSION = 5.0;
				TARGETED_DEVICE_FAMILY = "1,2";
			};
			name = Debug;
		};
		1C80F8E72952D40000FD8C66 /* Release */ = {
			isa = XCBuildConfiguration;
			buildSettings = {
				ASSETCATALOG_COMPILER_APPICON_NAME = AppIcon;
				ASSETCATALOG_COMPILER_GLOBAL_ACCENT_COLOR_NAME = AccentColor;
				CODE_SIGN_ENTITLEMENTS = "Color Tracker/Color_Tracker.entitlements";
				CODE_SIGN_STYLE = Automatic;
				CURRENT_PROJECT_VERSION = 1;
				DEVELOPMENT_ASSET_PATHS = "\"Color Tracker/Preview Content\"";
				DEVELOPMENT_TEAM = KJ66BJ6KYX;
				ENABLE_HARDENED_RUNTIME = YES;
				ENABLE_PREVIEWS = YES;
				GENERATE_INFOPLIST_FILE = YES;
				"INFOPLIST_KEY_UIApplicationSceneManifest_Generation[sdk=iphoneos*]" = YES;
				"INFOPLIST_KEY_UIApplicationSceneManifest_Generation[sdk=iphonesimulator*]" = YES;
				"INFOPLIST_KEY_UIApplicationSupportsIndirectInputEvents[sdk=iphoneos*]" = YES;
				"INFOPLIST_KEY_UIApplicationSupportsIndirectInputEvents[sdk=iphonesimulator*]" = YES;
				"INFOPLIST_KEY_UILaunchScreen_Generation[sdk=iphoneos*]" = YES;
				"INFOPLIST_KEY_UILaunchScreen_Generation[sdk=iphonesimulator*]" = YES;
				"INFOPLIST_KEY_UIStatusBarStyle[sdk=iphoneos*]" = UIStatusBarStyleDefault;
				"INFOPLIST_KEY_UIStatusBarStyle[sdk=iphonesimulator*]" = UIStatusBarStyleDefault;
				INFOPLIST_KEY_UISupportedInterfaceOrientations_iPad = "UIInterfaceOrientationPortrait UIInterfaceOrientationPortraitUpsideDown UIInterfaceOrientationLandscapeLeft UIInterfaceOrientationLandscapeRight";
				INFOPLIST_KEY_UISupportedInterfaceOrientations_iPhone = "UIInterfaceOrientationPortrait UIInterfaceOrientationLandscapeLeft UIInterfaceOrientationLandscapeRight";
				IPHONEOS_DEPLOYMENT_TARGET = 16.2;
				LD_RUNPATH_SEARCH_PATHS = "@executable_path/Frameworks";
				"LD_RUNPATH_SEARCH_PATHS[sdk=macosx*]" = "@executable_path/../Frameworks";
				MACOSX_DEPLOYMENT_TARGET = 12.6;
				MARKETING_VERSION = 1.0;
				PRODUCT_BUNDLE_IDENTIFIER = "com.coolgage.Color-Tracker";
				PRODUCT_NAME = "$(TARGET_NAME)";
				SDKROOT = auto;
				SUPPORTED_PLATFORMS = "iphoneos iphonesimulator macosx";
				SWIFT_EMIT_LOC_STRINGS = YES;
				SWIFT_VERSION = 5.0;
				TARGETED_DEVICE_FAMILY = "1,2";
			};
			name = Release;
		};
		1C80F8E92952D40000FD8C66 /* Debug */ = {
			isa = XCBuildConfiguration;
			buildSettings = {
				ALWAYS_EMBED_SWIFT_STANDARD_LIBRARIES = YES;
				BUNDLE_LOADER = "$(TEST_HOST)";
				CODE_SIGN_STYLE = Automatic;
				CURRENT_PROJECT_VERSION = 1;
				DEVELOPMENT_TEAM = KJ66BJ6KYX;
				GENERATE_INFOPLIST_FILE = YES;
				IPHONEOS_DEPLOYMENT_TARGET = 16.2;
				MACOSX_DEPLOYMENT_TARGET = 12.6;
				MARKETING_VERSION = 1.0;
				PRODUCT_BUNDLE_IDENTIFIER = "com.coolgage.Color-TrackerTests";
				PRODUCT_NAME = "$(TARGET_NAME)";
				SDKROOT = auto;
				SUPPORTED_PLATFORMS = "iphoneos iphonesimulator macosx";
				SWIFT_EMIT_LOC_STRINGS = NO;
				SWIFT_VERSION = 5.0;
				TARGETED_DEVICE_FAMILY = "1,2";
				TEST_HOST = "$(BUILT_PRODUCTS_DIR)/Color Tracker.app/$(BUNDLE_EXECUTABLE_FOLDER_PATH)/Color Tracker";
			};
			name = Debug;
		};
		1C80F8EA2952D40000FD8C66 /* Release */ = {
			isa = XCBuildConfiguration;
			buildSettings = {
				ALWAYS_EMBED_SWIFT_STANDARD_LIBRARIES = YES;
				BUNDLE_LOADER = "$(TEST_HOST)";
				CODE_SIGN_STYLE = Automatic;
				CURRENT_PROJECT_VERSION = 1;
				DEVELOPMENT_TEAM = KJ66BJ6KYX;
				GENERATE_INFOPLIST_FILE = YES;
				IPHONEOS_DEPLOYMENT_TARGET = 16.2;
				MACOSX_DEPLOYMENT_TARGET = 12.6;
				MARKETING_VERSION = 1.0;
				PRODUCT_BUNDLE_IDENTIFIER = "com.coolgage.Color-TrackerTests";
				PRODUCT_NAME = "$(TARGET_NAME)";
				SDKROOT = auto;
				SUPPORTED_PLATFORMS = "iphoneos iphonesimulator macosx";
				SWIFT_EMIT_LOC_STRINGS = NO;
				SWIFT_VERSION = 5.0;
				TARGETED_DEVICE_FAMILY = "1,2";
				TEST_HOST = "$(BUILT_PRODUCTS_DIR)/Color Tracker.app/$(BUNDLE_EXECUTABLE_FOLDER_PATH)/Color Tracker";
			};
			name = Release;
		};
		1C80F8EC2952D40000FD8C66 /* Debug */ = {
			isa = XCBuildConfiguration;
			buildSettings = {
				ALWAYS_EMBED_SWIFT_STANDARD_LIBRARIES = YES;
				CODE_SIGN_STYLE = Automatic;
				CURRENT_PROJECT_VERSION = 1;
				DEVELOPMENT_TEAM = KJ66BJ6KYX;
				GENERATE_INFOPLIST_FILE = YES;
				IPHONEOS_DEPLOYMENT_TARGET = 16.2;
				MACOSX_DEPLOYMENT_TARGET = 12.6;
				MARKETING_VERSION = 1.0;
				PRODUCT_BUNDLE_IDENTIFIER = "com.coolgage.Color-TrackerUITests";
				PRODUCT_NAME = "$(TARGET_NAME)";
				SDKROOT = auto;
				SUPPORTED_PLATFORMS = "iphoneos iphonesimulator macosx";
				SWIFT_EMIT_LOC_STRINGS = NO;
				SWIFT_VERSION = 5.0;
				TARGETED_DEVICE_FAMILY = "1,2";
				TEST_TARGET_NAME = "Color Tracker";
			};
			name = Debug;
		};
		1C80F8ED2952D40000FD8C66 /* Release */ = {
			isa = XCBuildConfiguration;
			buildSettings = {
				ALWAYS_EMBED_SWIFT_STANDARD_LIBRARIES = YES;
				CODE_SIGN_STYLE = Automatic;
				CURRENT_PROJECT_VERSION = 1;
				DEVELOPMENT_TEAM = KJ66BJ6KYX;
				GENERATE_INFOPLIST_FILE = YES;
				IPHONEOS_DEPLOYMENT_TARGET = 16.2;
				MACOSX_DEPLOYMENT_TARGET = 12.6;
				MARKETING_VERSION = 1.0;
				PRODUCT_BUNDLE_IDENTIFIER = "com.coolgage.Color-TrackerUITests";
				PRODUCT_NAME = "$(TARGET_NAME)";
				SDKROOT = auto;
				SUPPORTED_PLATFORMS = "iphoneos iphonesimulator macosx";
				SWIFT_EMIT_LOC_STRINGS = NO;
				SWIFT_VERSION = 5.0;
				TARGETED_DEVICE_FAMILY = "1,2";
				TEST_TARGET_NAME = "Color Tracker";
			};
			name = Release;
		};
/* End XCBuildConfiguration section */

/* Begin XCConfigurationList section */
		1C80F8B62952D3FE00FD8C66 /* Build configuration list for PBXProject "Color Tracker" */ = {
			isa = XCConfigurationList;
			buildConfigurations = (
				1C80F8E32952D40000FD8C66 /* Debug */,
				1C80F8E42952D40000FD8C66 /* Release */,
			);
			defaultConfigurationIsVisible = 0;
			defaultConfigurationName = Release;
		};
		1C80F8E52952D40000FD8C66 /* Build configuration list for PBXNativeTarget "Color Tracker" */ = {
			isa = XCConfigurationList;
			buildConfigurations = (
				1C80F8E62952D40000FD8C66 /* Debug */,
				1C80F8E72952D40000FD8C66 /* Release */,
			);
			defaultConfigurationIsVisible = 0;
			defaultConfigurationName = Release;
		};
		1C80F8E82952D40000FD8C66 /* Build configuration list for PBXNativeTarget "Color TrackerTests" */ = {
			isa = XCConfigurationList;
			buildConfigurations = (
				1C80F8E92952D40000FD8C66 /* Debug */,
				1C80F8EA2952D40000FD8C66 /* Release */,
			);
			defaultConfigurationIsVisible = 0;
			defaultConfigurationName = Release;
		};
		1C80F8EB2952D40000FD8C66 /* Build configuration list for PBXNativeTarget "Color TrackerUITests" */ = {
			isa = XCConfigurationList;
			buildConfigurations = (
				1C80F8EC2952D40000FD8C66 /* Debug */,
				1C80F8ED2952D40000FD8C66 /* Release */,
			);
			defaultConfigurationIsVisible = 0;
			defaultConfigurationName = Release;
		};
/* End XCConfigurationList section */

/* Begin XCRemoteSwiftPackageReference section */
		1C406C592955624A00616757 /* XCRemoteSwiftPackageReference "ElegantCalendar" */ = {
			isa = XCRemoteSwiftPackageReference;
			repositoryURL = "https://github.com/ThasianX/ElegantCalendar";
			requirement = {
				kind = upToNextMajorVersion;
				minimumVersion = 4.0.0;
			};
		};
/* End XCRemoteSwiftPackageReference section */

/* Begin XCSwiftPackageProductDependency section */
		1C406C5A2955624A00616757 /* ElegantCalendar */ = {
			isa = XCSwiftPackageProductDependency;
			package = 1C406C592955624A00616757 /* XCRemoteSwiftPackageReference "ElegantCalendar" */;
			productName = ElegantCalendar;
		};
/* End XCSwiftPackageProductDependency section */

/* Begin XCVersionGroup section */
		1C80F8C22952D3FE00FD8C66 /* Color_Tracker.xcdatamodeld */ = {
			isa = XCVersionGroup;
			children = (
				1C80F8C32952D3FE00FD8C66 /* Color_Tracker.xcdatamodel */,
			);
			currentVersion = 1C80F8C32952D3FE00FD8C66 /* Color_Tracker.xcdatamodel */;
			path = Color_Tracker.xcdatamodeld;
			sourceTree = "<group>";
			versionGroupType = wrapper.xcdatamodel;
		};
/* End XCVersionGroup section */
	};
	rootObject = 1C80F8B32952D3FE00FD8C66 /* Project object */;
}
